
Microsoft Visual Studio Solution File, Format Version 12.00
# Visual Studio 14
VisualStudioVersion = 14.0.25420.1
MinimumVisualStudioVersion = 10.0.40219.1
Project("{FAE04EC0-301F-11D3-BF4B-00C04F79EFBC}") = "XamarinRestAPI", "XamarinRestAPI\XamarinRestAPI\XamarinRestAPI.csproj", "{20A71D72-3465-4B04-9278-88CD10824B76}"
EndProject
Project("{FAE04EC0-301F-11D3-BF4B-00C04F79EFBC}") = "XamarinRestAPI.Android", "XamarinRestAPI\XamarinRestAPI.Android\XamarinRestAPI.Android.csproj", "{FB783F04-2E8E-4037-B51E-A8DE947AA678}"
EndProject
Project("{FAE04EC0-301F-11D3-BF4B-00C04F79EFBC}") = "XamarinRestAPI.iOS", "XamarinRestAPI\XamarinRestAPI.iOS\XamarinRestAPI.iOS.csproj", "{D5CE8697-1F86-4BB8-AA7E-BD952067B038}"
EndProject
Global
	GlobalSection(SolutionConfigurationPlatforms) = preSolution
		Debug|Any CPU = Debug|Any CPU
		Debug|iPhone = Debug|iPhone
		Debug|iPhoneSimulator = Debug|iPhoneSimulator
		Release|Any CPU = Release|Any CPU
		Release|iPhone = Release|iPhone
		Release|iPhoneSimulator = Release|iPhoneSimulator
	EndGlobalSection
	GlobalSection(ProjectConfigurationPlatforms) = postSolution
		{20A71D72-3465-4B04-9278-88CD10824B76}.Debug|Any CPU.ActiveCfg = Debug|Any CPU
		{20A71D72-3465-4B04-9278-88CD10824B76}.Debug|Any CPU.Build.0 = Debug|Any CPU
		{20A71D72-3465-4B04-9278-88CD10824B76}.Debug|iPhone.ActiveCfg = Debug|Any CPU
		{20A71D72-3465-4B04-9278-88CD10824B76}.Debug|iPhone.Build.0 = Debug|Any CPU
		{20A71D72-3465-4B04-9278-88CD10824B76}.Debug|iPhoneSimulator.ActiveCfg = Debug|Any CPU
		{20A71D72-3465-4B04-9278-88CD10824B76}.Debug|iPhoneSimulator.Build.0 = Debug|Any CPU
		{20A71D72-3465-4B04-9278-88CD10824B76}.Release|Any CPU.ActiveCfg = Release|Any CPU
		{20A71D72-3465-4B04-9278-88CD10824B76}.Release|Any CPU.Build.0 = Release|Any CPU
		{20A71D72-3465-4B04-9278-88CD10824B76}.Release|iPhone.ActiveCfg = Release|Any CPU
		{20A71D72-3465-4B04-9278-88CD10824B76}.Release|iPhone.Build.0 = Release|Any CPU
		{20A71D72-3465-4B04-9278-88CD10824B76}.Release|iPhoneSimulator.ActiveCfg = Release|Any CPU
		{20A71D72-3465-4B04-9278-88CD10824B76}.Release|iPhoneSimulator.Build.0 = Release|Any CPU
		{FB783F04-2E8E-4037-B51E-A8DE947AA678}.Debug|Any CPU.ActiveCfg = Debug|Any CPU
		{FB783F04-2E8E-4037-B51E-A8DE947AA678}.Debug|Any CPU.Build.0 = Debug|Any CPU
		{FB783F04-2E8E-4037-B51E-A8DE947AA678}.Debug|Any CPU.Deploy.0 = Debug|Any CPU
		{FB783F04-2E8E-4037-B51E-A8DE947AA678}.Debug|iPhone.ActiveCfg = Debug|Any CPU
		{FB783F04-2E8E-4037-B51E-A8DE947AA678}.Debug|iPhone.Build.0 = Debug|Any CPU
		{FB783F04-2E8E-4037-B51E-A8DE947AA678}.Debug|iPhone.Deploy.0 = Debug|Any CPU
		{FB783F04-2E8E-4037-B51E-A8DE947AA678}.Debug|iPhoneSimulator.ActiveCfg = Debug|Any CPU
		{FB783F04-2E8E-4037-B51E-A8DE947AA678}.Debug|iPhoneSimulator.Build.0 = Debug|Any CPU
		{FB783F04-2E8E-4037-B51E-A8DE947AA678}.Debug|iPhoneSimulator.Deploy.0 = Debug|Any CPU
		{FB783F04-2E8E-4037-B51E-A8DE947AA678}.Release|Any CPU.ActiveCfg = Release|Any CPU
		{FB783F04-2E8E-4037-B51E-A8DE947AA678}.Release|Any CPU.Build.0 = Release|Any CPU
		{FB783F04-2E8E-4037-B51E-A8DE947AA678}.Release|Any CPU.Deploy.0 = Release|Any CPU
		{FB783F04-2E8E-4037-B51E-A8DE947AA678}.Release|iPhone.ActiveCfg = Release|Any CPU
		{FB783F04-2E8E-4037-B51E-A8DE947AA678}.Release|iPhone.Build.0 = Release|Any CPU
		{FB783F04-2E8E-4037-B51E-A8DE947AA678}.Release|iPhone.Deploy.0 = Release|Any CPU
		{FB783F04-2E8E-4037-B51E-A8DE947AA678}.Release|iPhoneSimulator.ActiveCfg = Release|Any CPU
		{FB783F04-2E8E-4037-B51E-A8DE947AA678}.Release|iPhoneSimulator.Build.0 = Release|Any CPU
		{FB783F04-2E8E-4037-B51E-A8DE947AA678}.Release|iPhoneSimulator.Deploy.0 = Release|Any CPU
		{D5CE8697-1F86-4BB8-AA7E-BD952067B038}.Debug|Any CPU.ActiveCfg = Debug|iPhone
		{D5CE8697-1F86-4BB8-AA7E-BD952067B038}.Debug|iPhone.ActiveCfg = Debug|iPhone
		{D5CE8697-1F86-4BB8-AA7E-BD952067B038}.Debug|iPhone.Build.0 = Debug|iPhone
		{D5CE8697-1F86-4BB8-AA7E-BD952067B038}.Debug|iPhoneSimulator.ActiveCfg = Debug|iPhoneSimulator
		{D5CE8697-1F86-4BB8-AA7E-BD952067B038}.Debug|iPhoneSimulator.Build.0 = Debug|iPhoneSimulator
		{D5CE8697-1F86-4BB8-AA7E-BD952067B038}.Release|Any CPU.ActiveCfg = Release|iPhone
		{D5CE8697-1F86-4BB8-AA7E-BD952067B038}.Release|iPhone.ActiveCfg = Release|iPhone
		{D5CE8697-1F86-4BB8-AA7E-BD952067B038}.Release|iPhone.Build.0 = Release|iPhone
		{D5CE8697-1F86-4BB8-AA7E-BD952067B038}.Release|iPhoneSimulator.ActiveCfg = Release|iPhoneSimulator
		{D5CE8697-1F86-4BB8-AA7E-BD952067B038}.Release|iPhoneSimulator.Build.0 = Release|iPhoneSimulator
	EndGlobalSection
	GlobalSection(SolutionProperties) = preSolution
		HideSolutionNode = FALSE
	EndGlobalSection
EndGlobal
